// !$*UTF8*$!
{
	archiveVersion = 1;
	classes = {
	};
	objectVersion = 46;
	objects = {

/* Begin PBXBuildFile section */
		BC075E901EFDC075003CA876 /* AppDelegate.swift in Sources */ = {isa = PBXBuildFile; fileRef = BC075E8F1EFDC075003CA876 /* AppDelegate.swift */; };
		BC075E921EFDC075003CA876 /* MonthVC.swift in Sources */ = {isa = PBXBuildFile; fileRef = BC075E911EFDC075003CA876 /* MonthVC.swift */; };
		BC075E951EFDC075003CA876 /* Main.storyboard in Resources */ = {isa = PBXBuildFile; fileRef = BC075E931EFDC075003CA876 /* Main.storyboard */; };
		BC075E971EFDC075003CA876 /* Assets.xcassets in Resources */ = {isa = PBXBuildFile; fileRef = BC075E961EFDC075003CA876 /* Assets.xcassets */; };
		BC075E9A1EFDC075003CA876 /* LaunchScreen.storyboard in Resources */ = {isa = PBXBuildFile; fileRef = BC075E981EFDC075003CA876 /* LaunchScreen.storyboard */; };
		BC075EA21EFDD4E5003CA876 /* CustomCell.swift in Sources */ = {isa = PBXBuildFile; fileRef = BC075EA11EFDD4E5003CA876 /* CustomCell.swift */; };
		BC075EA41EFFDF0A003CA876 /* WeekVC.swift in Sources */ = {isa = PBXBuildFile; fileRef = BC075EA31EFFDF0A003CA876 /* WeekVC.swift */; };
		BCFFD1231F07B6740012CAC6 /* Cells.swift in Sources */ = {isa = PBXBuildFile; fileRef = BCFFD1221F07B6740012CAC6 /* Cells.swift */; };
		E6D66F37CDE26FB9FF7BC6BF /* Pods_Calendar.framework in Frameworks */ = {isa = PBXBuildFile; fileRef = FCB9E720EAE994C1320DCFF6 /* Pods_Calendar.framework */; };
/* End PBXBuildFile section */

/* Begin PBXFileReference section */
		178CF81CBA5A41C693D50671 /* Pods-Calendar.release.xcconfig */ = {isa = PBXFileReference; includeInIndex = 1; lastKnownFileType = text.xcconfig; name = "Pods-Calendar.release.xcconfig"; path = "Pods/Target Support Files/Pods-Calendar/Pods-Calendar.release.xcconfig"; sourceTree = "<group>"; };
		BC075E8C1EFDC075003CA876 /* Calendar.app */ = {isa = PBXFileReference; explicitFileType = wrapper.application; includeInIndex = 0; path = Calendar.app; sourceTree = BUILT_PRODUCTS_DIR; };
		BC075E8F1EFDC075003CA876 /* AppDelegate.swift */ = {isa = PBXFileReference; lastKnownFileType = sourcecode.swift; path = AppDelegate.swift; sourceTree = "<group>"; };
		BC075E911EFDC075003CA876 /* MonthVC.swift */ = {isa = PBXFileReference; lastKnownFileType = sourcecode.swift; path = MonthVC.swift; sourceTree = "<group>"; };
		BC075E941EFDC075003CA876 /* Base */ = {isa = PBXFileReference; lastKnownFileType = file.storyboard; name = Base; path = Base.lproj/Main.storyboard; sourceTree = "<group>"; };
		BC075E961EFDC075003CA876 /* Assets.xcassets */ = {isa = PBXFileReference; lastKnownFileType = folder.assetcatalog; path = Assets.xcassets; sourceTree = "<group>"; };
		BC075E991EFDC075003CA876 /* Base */ = {isa = PBXFileReference; lastKnownFileType = file.storyboard; name = Base; path = Base.lproj/LaunchScreen.storyboard; sourceTree = "<group>"; };
		BC075E9B1EFDC075003CA876 /* Info.plist */ = {isa = PBXFileReference; lastKnownFileType = text.plist.xml; path = Info.plist; sourceTree = "<group>"; };
		BC075EA11EFDD4E5003CA876 /* CustomCell.swift */ = {isa = PBXFileReference; fileEncoding = 4; lastKnownFileType = sourcecode.swift; path = CustomCell.swift; sourceTree = "<group>"; };
		BC075EA31EFFDF0A003CA876 /* WeekVC.swift */ = {isa = PBXFileReference; fileEncoding = 4; lastKnownFileType = sourcecode.swift; path = WeekVC.swift; sourceTree = "<group>"; };
		BCFFD1221F07B6740012CAC6 /* Cells.swift */ = {isa = PBXFileReference; fileEncoding = 4; lastKnownFileType = sourcecode.swift; path = Cells.swift; sourceTree = "<group>"; };
		F445C6135D55312C25784200 /* Pods-Calendar.debug.xcconfig */ = {isa = PBXFileReference; includeInIndex = 1; lastKnownFileType = text.xcconfig; name = "Pods-Calendar.debug.xcconfig"; path = "Pods/Target Support Files/Pods-Calendar/Pods-Calendar.debug.xcconfig"; sourceTree = "<group>"; };
		FCB9E720EAE994C1320DCFF6 /* Pods_Calendar.framework */ = {isa = PBXFileReference; explicitFileType = wrapper.framework; includeInIndex = 0; path = Pods_Calendar.framework; sourceTree = BUILT_PRODUCTS_DIR; };
/* End PBXFileReference section */

/* Begin PBXFrameworksBuildPhase section */
		BC075E891EFDC075003CA876 /* Frameworks */ = {
			isa = PBXFrameworksBuildPhase;
			buildActionMask = 2147483647;
			files = (
				E6D66F37CDE26FB9FF7BC6BF /* Pods_Calendar.framework in Frameworks */,
			);
			runOnlyForDeploymentPostprocessing = 0;
		};
/* End PBXFrameworksBuildPhase section */

/* Begin PBXGroup section */
		B80E07F7171D277F85F136E5 /* Frameworks */ = {
			isa = PBXGroup;
			children = (
				FCB9E720EAE994C1320DCFF6 /* Pods_Calendar.framework */,
			);
			name = Frameworks;
			sourceTree = "<group>";
		};
		BC075E831EFDC075003CA876 = {
			isa = PBXGroup;
			children = (
				BC075E8E1EFDC075003CA876 /* Calendar */,
				BC075E8D1EFDC075003CA876 /* Products */,
				BCCFD7A799E87FC98518AB48 /* Pods */,
				B80E07F7171D277F85F136E5 /* Frameworks */,
			);
			sourceTree = "<group>";
		};
		BC075E8D1EFDC075003CA876 /* Products */ = {
			isa = PBXGroup;
			children = (
				BC075E8C1EFDC075003CA876 /* Calendar.app */,
			);
			name = Products;
			sourceTree = "<group>";
		};
		BC075E8E1EFDC075003CA876 /* Calendar */ = {
			isa = PBXGroup;
			children = (
				BC075E8F1EFDC075003CA876 /* AppDelegate.swift */,
				BC075E911EFDC075003CA876 /* MonthVC.swift */,
				BC075EA31EFFDF0A003CA876 /* WeekVC.swift */,
				BC075E931EFDC075003CA876 /* Main.storyboard */,
				BCFFD1221F07B6740012CAC6 /* Cells.swift */,
				BC075E961EFDC075003CA876 /* Assets.xcassets */,
				BC075E981EFDC075003CA876 /* LaunchScreen.storyboard */,
				BC075E9B1EFDC075003CA876 /* Info.plist */,
				BC075EA11EFDD4E5003CA876 /* CustomCell.swift */,
			);
			path = Calendar;
			sourceTree = "<group>";
		};
		BCCFD7A799E87FC98518AB48 /* Pods */ = {
			isa = PBXGroup;
			children = (
				F445C6135D55312C25784200 /* Pods-Calendar.debug.xcconfig */,
				178CF81CBA5A41C693D50671 /* Pods-Calendar.release.xcconfig */,
			);
			name = Pods;
			sourceTree = "<group>";
		};
/* End PBXGroup section */

/* Begin PBXNativeTarget section */
		BC075E8B1EFDC075003CA876 /* Calendar */ = {
			isa = PBXNativeTarget;
			buildConfigurationList = BC075E9E1EFDC075003CA876 /* Build configuration list for PBXNativeTarget "Calendar" */;
			buildPhases = (
				59F6D1501955C17BC116FEDA /* [CP] Check Pods Manifest.lock */,
				BC075E881EFDC075003CA876 /* Sources */,
				BC075E891EFDC075003CA876 /* Frameworks */,
				BC075E8A1EFDC075003CA876 /* Resources */,
				E7560B201359BE096F093E11 /* [CP] Embed Pods Frameworks */,
				C3C5108CB1A0523E1840EA8B /* [CP] Copy Pods Resources */,
			);
			buildRules = (
			);
			dependencies = (
			);
			name = Calendar;
			productName = Calendar;
			productReference = BC075E8C1EFDC075003CA876 /* Calendar.app */;
			productType = "com.apple.product-type.application";
		};
/* End PBXNativeTarget section */

/* Begin PBXProject section */
		BC075E841EFDC075003CA876 /* Project object */ = {
			isa = PBXProject;
			attributes = {
				LastSwiftUpdateCheck = 0830;
				LastUpgradeCheck = 0830;
				ORGANIZATIONNAME = Nuno;
				TargetAttributes = {
					BC075E8B1EFDC075003CA876 = {
						CreatedOnToolsVersion = 8.3.2;
						DevelopmentTeam = QLW338ZPAQ;
						ProvisioningStyle = Automatic;
					};
				};
			};
			buildConfigurationList = BC075E871EFDC075003CA876 /* Build configuration list for PBXProject "Calendar" */;
			compatibilityVersion = "Xcode 3.2";
			developmentRegion = English;
			hasScannedForEncodings = 0;
			knownRegions = (
				en,
				Base,
			);
			mainGroup = BC075E831EFDC075003CA876;
			productRefGroup = BC075E8D1EFDC075003CA876 /* Products */;
			projectDirPath = "";
			projectRoot = "";
			targets = (
				BC075E8B1EFDC075003CA876 /* Calendar */,
			);
		};
/* End PBXProject section */

/* Begin PBXResourcesBuildPhase section */
		BC075E8A1EFDC075003CA876 /* Resources */ = {
			isa = PBXResourcesBuildPhase;
			buildActionMask = 2147483647;
			files = (
				BC075E9A1EFDC075003CA876 /* LaunchScreen.storyboard in Resources */,
				BC075E971EFDC075003CA876 /* Assets.xcassets in Resources */,
				BC075E951EFDC075003CA876 /* Main.storyboard in Resources */,
			);
			runOnlyForDeploymentPostprocessing = 0;
		};
/* End PBXResourcesBuildPhase section */

/* Begin PBXShellScriptBuildPhase section */
		59F6D1501955C17BC116FEDA /* [CP] Check Pods Manifest.lock */ = {
			isa = PBXShellScriptBuildPhase;
			buildActionMask = 2147483647;
			files = (
			);
			inputPaths = (
			);
			name = "[CP] Check Pods Manifest.lock";
			outputPaths = (
			);
			runOnlyForDeploymentPostprocessing = 0;
			shellPath = /bin/sh;
			shellScript = "diff \"${PODS_ROOT}/../Podfile.lock\" \"${PODS_ROOT}/Manifest.lock\" > /dev/null\nif [ $? != 0 ] ; then\n    # print error to STDERR\n    echo \"error: The sandbox is not in sync with the Podfile.lock. Run 'pod install' or update your CocoaPods installation.\" >&2\n    exit 1\nfi\n";
			showEnvVarsInLog = 0;
		};
		C3C5108CB1A0523E1840EA8B /* [CP] Copy Pods Resources */ = {
			isa = PBXShellScriptBuildPhase;
			buildActionMask = 2147483647;
			files = (
			);
			inputPaths = (
			);
			name = "[CP] Copy Pods Resources";
			outputPaths = (
			);
			runOnlyForDeploymentPostprocessing = 0;
			shellPath = /bin/sh;
			shellScript = "\"${SRCROOT}/Pods/Target Support Files/Pods-Calendar/Pods-Calendar-resources.sh\"\n";
			showEnvVarsInLog = 0;
		};
		E7560B201359BE096F093E11 /* [CP] Embed Pods Frameworks */ = {
			isa = PBXShellScriptBuildPhase;
			buildActionMask = 2147483647;
			files = (
			);
			inputPaths = (
			);
			name = "[CP] Embed Pods Frameworks";
			outputPaths = (
			);
			runOnlyForDeploymentPostprocessing = 0;
			shellPath = /bin/sh;
			shellScript = "\"${SRCROOT}/Pods/Target Support Files/Pods-Calendar/Pods-Calendar-frameworks.sh\"\n";
			showEnvVarsInLog = 0;
		};
/* End PBXShellScriptBuildPhase section */

/* Begin PBXSourcesBuildPhase section */
		BC075E881EFDC075003CA876 /* Sources */ = {
			isa = PBXSourcesBuildPhase;
			buildActionMask = 2147483647;
			files = (
				BC075EA41EFFDF0A003CA876 /* WeekVC.swift in Sources */,
				BCFFD1231F07B6740012CAC6 /* Cells.swift in Sources */,
				BC075E921EFDC075003CA876 /* MonthVC.swift in Sources */,
				BC075EA21EFDD4E5003CA876 /* CustomCell.swift in Sources */,
				BC075E901EFDC075003CA876 /* AppDelegate.swift in Sources */,
			);
			runOnlyForDeploymentPostprocessing = 0;
		};
/* End PBXSourcesBuildPhase section */

/* Begin PBXVariantGroup section */
		BC075E931EFDC075003CA876 /* Main.storyboard */ = {
			isa = PBXVariantGroup;
			children = (
				BC075E941EFDC075003CA876 /* Base */,
			);
			name = Main.storyboard;
			sourceTree = "<group>";
		};
		BC075E981EFDC075003CA876 /* LaunchScreen.storyboard */ = {
			isa = PBXVariantGroup;
			children = (
				BC075E991EFDC075003CA876 /* Base */,
			);
			name = LaunchScreen.storyboard;
			sourceTree = "<group>";
		};
/* End PBXVariantGroup section */

/* Begin XCBuildConfiguration section */
		BC075E9C1EFDC075003CA876 /* Debug */ = {
			isa = XCBuildConfiguration;
			buildSettings = {
				ALWAYS_SEARCH_USER_PATHS = NO;
				CLANG_ANALYZER_NONNULL = YES;
				CLANG_ANALYZER_NUMBER_OBJECT_CONVERSION = YES_AGGRESSIVE;
				CLANG_CXX_LANGUAGE_STANDARD = "gnu++0x";
				CLANG_CXX_LIBRARY = "libc++";
				CLANG_ENABLE_MODULES = YES;
				CLANG_ENABLE_OBJC_ARC = YES;
				CLANG_WARN_BOOL_CONVERSION = YES;
				CLANG_WARN_CONSTANT_CONVERSION = YES;
				CLANG_WARN_DIRECT_OBJC_ISA_USAGE = YES_ERROR;
				CLANG_WARN_DOCUMENTATION_COMMENTS = YES;
				CLANG_WARN_EMPTY_BODY = YES;
				CLANG_WARN_ENUM_CONVERSION = YES;
				CLANG_WARN_INFINITE_RECURSION = YES;
				CLANG_WARN_INT_CONVERSION = YES;
				CLANG_WARN_OBJC_ROOT_CLASS = YES_ERROR;
				CLANG_WARN_SUSPICIOUS_MOVE = YES;
				CLANG_WARN_UNREACHABLE_CODE = YES;
				CLANG_WARN__DUPLICATE_METHOD_MATCH = YES;
				"CODE_SIGN_IDENTITY[sdk=iphoneos*]" = "iPhone Developer";
				COPY_PHASE_STRIP = NO;
				DEBUG_INFORMATION_FORMAT = dwarf;
				ENABLE_STRICT_OBJC_MSGSEND = YES;
				ENABLE_TESTABILITY = YES;
				GCC_C_LANGUAGE_STANDARD = gnu99;
				GCC_DYNAMIC_NO_PIC = NO;
				GCC_NO_COMMON_BLOCKS = YES;
				GCC_OPTIMIZATION_LEVEL = 0;
				GCC_PREPROCESSOR_DEFINITIONS = (
					"DEBUG=1",
					"$(inherited)",
				);
				GCC_WARN_64_TO_32_BIT_CONVERSION = YES;
				GCC_WARN_ABOUT_RETURN_TYPE = YES_ERROR;
				GCC_WARN_UNDECLARED_SELECTOR = YES;
				GCC_WARN_UNINITIALIZED_AUTOS = YES_AGGRESSIVE;
				GCC_WARN_UNUSED_FUNCTION = YES;
				GCC_WARN_UNUSED_VARIABLE = YES;
				IPHONEOS_DEPLOYMENT_TARGET = 10.3;
				MTL_ENABLE_DEBUG_INFO = YES;
				ONLY_ACTIVE_ARCH = YES;
				SDKROOT = iphoneos;
				SWIFT_ACTIVE_COMPILATION_CONDITIONS = DEBUG;
				SWIFT_OPTIMIZATION_LEVEL = "-Onone";
			};
			name = Debug;
		};
		BC075E9D1EFDC075003CA876 /* Release */ = {
			isa = XCBuildConfiguration;
			buildSettings = {
				ALWAYS_SEARCH_USER_PATHS = NO;
				CLANG_ANALYZER_NONNULL = YES;
				CLANG_ANALYZER_NUMBER_OBJECT_CONVERSION = YES_AGGRESSIVE;
				CLANG_CXX_LANGUAGE_STANDARD = "gnu++0x";
				CLANG_CXX_LIBRARY = "libc++";
				CLANG_ENABLE_MODULES = YES;
				CLANG_ENABLE_OBJC_ARC = YES;
				CLANG_WARN_BOOL_CONVERSION = YES;
				CLANG_WARN_CONSTANT_CONVERSION = YES;
				CLANG_WARN_DIRECT_OBJC_ISA_USAGE = YES_ERROR;
				CLANG_WARN_DOCUMENTATION_COMMENTS = YES;
				CLANG_WARN_EMPTY_BODY = YES;
				CLANG_WARN_ENUM_CONVERSION = YES;
				CLANG_WARN_INFINITE_RECURSION = YES;
				CLANG_WARN_INT_CONVERSION = YES;
				CLANG_WARN_OBJC_ROOT_CLASS = YES_ERROR;
				CLANG_WARN_SUSPICIOUS_MOVE = YES;
				CLANG_WARN_UNREACHABLE_CODE = YES;
				CLANG_WARN__DUPLICATE_METHOD_MATCH = YES;
				"CODE_SIGN_IDENTITY[sdk=iphoneos*]" = "iPhone Developer";
				COPY_PHASE_STRIP = NO;
				DEBUG_INFORMATION_FORMAT = "dwarf-with-dsym";
				ENABLE_NS_ASSERTIONS = NO;
				ENABLE_STRICT_OBJC_MSGSEND = YES;
				GCC_C_LANGUAGE_STANDARD = gnu99;
				GCC_NO_COMMON_BLOCKS = YES;
				GCC_WARN_64_TO_32_BIT_CONVERSION = YES;
				GCC_WARN_ABOUT_RETURN_TYPE = YES_ERROR;
				GCC_WARN_UNDECLARED_SELECTOR = YES;
				GCC_WARN_UNINITIALIZED_AUTOS = YES_AGGRESSIVE;
				GCC_WARN_UNUSED_FUNCTION = YES;
				GCC_WARN_UNUSED_VARIABLE = YES;
				IPHONEOS_DEPLOYMENT_TARGET = 10.3;
				MTL_ENABLE_DEBUG_INFO = NO;
				SDKROOT = iphoneos;
				SWIFT_OPTIMIZATION_LEVEL = "-Owholemodule";
				VALIDATE_PRODUCT = YES;
			};
			name = Release;
		};
		BC075E9F1EFDC075003CA876 /* Debug */ = {
			isa = XCBuildConfiguration;
			baseConfigurationReference = F445C6135D55312C25784200 /* Pods-Calendar.debug.xcconfig */;
			buildSettings = {
				ALWAYS_EMBED_SWIFT_STANDARD_LIBRARIES = YES;
				ASSETCATALOG_COMPILER_APPICON_NAME = AppIcon;
				DEVELOPMENT_TEAM = QLW338ZPAQ;
				INFOPLIST_FILE = Calendar/Info.plist;
				IPHONEOS_DEPLOYMENT_TARGET = 10.0;
				LD_RUNPATH_SEARCH_PATHS = "$(inherited) @executable_path/Frameworks";
				PRODUCT_BUNDLE_IDENTIFIER = Nuno.Calendar;
				PRODUCT_NAME = "$(TARGET_NAME)";
				SWIFT_VERSION = 3.0;
			};
			name = Debug;
		};
		BC075EA01EFDC075003CA876 /* Release */ = {
			isa = XCBuildConfiguration;
			baseConfigurationReference = 178CF81CBA5A41C693D50671 /* Pods-Calendar.release.xcconfig */;
			buildSettings = {
				ALWAYS_EMBED_SWIFT_STANDARD_LIBRARIES = YES;
				ASSETCATALOG_COMPILER_APPICON_NAME = AppIcon;
				DEVELOPMENT_TEAM = QLW338ZPAQ;
				INFOPLIST_FILE = Calendar/Info.plist;
				IPHONEOS_DEPLOYMENT_TARGET = 10.0;
				LD_RUNPATH_SEARCH_PATHS = "$(inherited) @executable_path/Frameworks";
				PRODUCT_BUNDLE_IDENTIFIER = Nuno.Calendar;
				PRODUCT_NAME = "$(TARGET_NAME)";
				SWIFT_VERSION = 3.0;
			};
			name = Release;
		};
/* End XCBuildConfiguration section */

/* Begin XCConfigurationList section */
		BC075E871EFDC075003CA876 /* Build configuration list for PBXProject "Calendar" */ = {
			isa = XCConfigurationList;
			buildConfigurations = (
				BC075E9C1EFDC075003CA876 /* Debug */,
				BC075E9D1EFDC075003CA876 /* Release */,
			);
			defaultConfigurationIsVisible = 0;
			defaultConfigurationName = Release;
		};
		BC075E9E1EFDC075003CA876 /* Build configuration list for PBXNativeTarget "Calendar" */ = {
			isa = XCConfigurationList;
			buildConfigurations = (
				BC075E9F1EFDC075003CA876 /* Debug */,
				BC075EA01EFDC075003CA876 /* Release */,
			);
			defaultConfigurationIsVisible = 0;
			defaultConfigurationName = Release;
		};
/* End XCConfigurationList section */
	};
	rootObject = BC075E841EFDC075003CA876 /* Project object */;
}
